// !$*UTF8*$!
{
	archiveVersion = 1;
	classes = {
	};
	objectVersion = 50;
	objects = {

/* Begin PBXBuildFile section */
		A10C191A247DE15600E776AD /* ProfileViewController.swift in Sources */ = {isa = PBXBuildFile; fileRef = A10C1919247DE15600E776AD /* ProfileViewController.swift */; };
		A10C191C247DF0DA00E776AD /* InsertableTextField.swift in Sources */ = {isa = PBXBuildFile; fileRef = A10C191B247DF0DA00E776AD /* InsertableTextField.swift */; };
		A10FEE47247365E9000835C8 /* AppDelegate.swift in Sources */ = {isa = PBXBuildFile; fileRef = A10FEE46247365E9000835C8 /* AppDelegate.swift */; };
		A10FEE49247365E9000835C8 /* SceneDelegate.swift in Sources */ = {isa = PBXBuildFile; fileRef = A10FEE48247365E9000835C8 /* SceneDelegate.swift */; };
		A10FEE4B247365E9000835C8 /* AuthViewController.swift in Sources */ = {isa = PBXBuildFile; fileRef = A10FEE4A247365E9000835C8 /* AuthViewController.swift */; };
		A10FEE50247365EC000835C8 /* Assets.xcassets in Resources */ = {isa = PBXBuildFile; fileRef = A10FEE4F247365EC000835C8 /* Assets.xcassets */; };
		A10FEE53247365EC000835C8 /* LaunchScreen.storyboard in Resources */ = {isa = PBXBuildFile; fileRef = A10FEE51247365EC000835C8 /* LaunchScreen.storyboard */; };
		A10FEE5B2473798A000835C8 /* UIButton + Extension.swift in Sources */ = {isa = PBXBuildFile; fileRef = A10FEE5A24737989000835C8 /* UIButton + Extension.swift */; };
		A127DC4C2473A10F00A3BDBA /* UIFont + Extension.swift in Sources */ = {isa = PBXBuildFile; fileRef = A127DC4B2473A10F00A3BDBA /* UIFont + Extension.swift */; };
		A127DC4E2473A26E00A3BDBA /* UIColor + Extension.swift in Sources */ = {isa = PBXBuildFile; fileRef = A127DC4D2473A26E00A3BDBA /* UIColor + Extension.swift */; };
		A127DC502473A50D00A3BDBA /* Label + Extension.swift in Sources */ = {isa = PBXBuildFile; fileRef = A127DC4F2473A50D00A3BDBA /* Label + Extension.swift */; };
		A127DC522473A61300A3BDBA /* UIImageView + Extension.swift in Sources */ = {isa = PBXBuildFile; fileRef = A127DC512473A61300A3BDBA /* UIImageView + Extension.swift */; };
		A127DC562474AFE200A3BDBA /* ButtonFormView.swift in Sources */ = {isa = PBXBuildFile; fileRef = A127DC552474AFE200A3BDBA /* ButtonFormView.swift */; };
		A127DC5A2474B91100A3BDBA /* UIStackView + Extension.swift in Sources */ = {isa = PBXBuildFile; fileRef = A127DC592474B91100A3BDBA /* UIStackView + Extension.swift */; };
		A127DC5C2474C88800A3BDBA /* SignUpViewController.swift in Sources */ = {isa = PBXBuildFile; fileRef = A127DC5B2474C88800A3BDBA /* SignUpViewController.swift */; };
		A13E64B32474CF4D00060D48 /* OneLineTextField.swift in Sources */ = {isa = PBXBuildFile; fileRef = A13E64B22474CF4D00060D48 /* OneLineTextField.swift */; };
		A1A1FE252475F9C800FDB240 /* LoginViewController.swift in Sources */ = {isa = PBXBuildFile; fileRef = A1A1FE242475F9C800FDB240 /* LoginViewController.swift */; };
		A1A1FE2724761A0200FDB240 /* SetupProfileViewController.swift in Sources */ = {isa = PBXBuildFile; fileRef = A1A1FE2624761A0200FDB240 /* SetupProfileViewController.swift */; };
		A1A1FE2924761F9F00FDB240 /* AddPhotoView.swift in Sources */ = {isa = PBXBuildFile; fileRef = A1A1FE2824761F9F00FDB240 /* AddPhotoView.swift */; };
		A1A1FE2B2476F17D00FDB240 /* SegmentedControl + Extension.swift in Sources */ = {isa = PBXBuildFile; fileRef = A1A1FE2A2476F17D00FDB240 /* SegmentedControl + Extension.swift */; };
		A1A1FE2E2476FD8300FDB240 /* ListViewController.swift in Sources */ = {isa = PBXBuildFile; fileRef = A1A1FE2D2476FD8300FDB240 /* ListViewController.swift */; };
		A1A1FE312477043200FDB240 /* PeopleViewController.swift in Sources */ = {isa = PBXBuildFile; fileRef = A1A1FE302477043200FDB240 /* PeopleViewController.swift */; };
		A1A1FE33247704A200FDB240 /* MainTabBarController.swift in Sources */ = {isa = PBXBuildFile; fileRef = A1A1FE32247704A200FDB240 /* MainTabBarController.swift */; };
		A1A1FE352478A75000FDB240 /* Bundle-Decodable.swift in Sources */ = {isa = PBXBuildFile; fileRef = A1A1FE342478A75000FDB240 /* Bundle-Decodable.swift */; };
		A1A1FE382478A89500FDB240 /* waitingChats.json in Resources */ = {isa = PBXBuildFile; fileRef = A1A1FE362478A89400FDB240 /* waitingChats.json */; };
		A1A1FE392478A89500FDB240 /* activeChats.json in Resources */ = {isa = PBXBuildFile; fileRef = A1A1FE372478A89500FDB240 /* activeChats.json */; };
		A1A1FE3C2478B81000FDB240 /* ActiveChatCell.swift in Sources */ = {isa = PBXBuildFile; fileRef = A1A1FE3B2478B81000FDB240 /* ActiveChatCell.swift */; };
		A1A1FE3E24799C6100FDB240 /* GradientView.swift in Sources */ = {isa = PBXBuildFile; fileRef = A1A1FE3D24799C6100FDB240 /* GradientView.swift */; };
		A1A1FE402479E86500FDB240 /* WaitingChatCell.swift in Sources */ = {isa = PBXBuildFile; fileRef = A1A1FE3F2479E86400FDB240 /* WaitingChatCell.swift */; };
		A1A1FE422479EFA700FDB240 /* SelfConfiguringCell.swift in Sources */ = {isa = PBXBuildFile; fileRef = A1A1FE412479EFA700FDB240 /* SelfConfiguringCell.swift */; };
		A1A1FE45247A073700FDB240 /* SectionHeader.swift in Sources */ = {isa = PBXBuildFile; fileRef = A1A1FE44247A073700FDB240 /* SectionHeader.swift */; };
		A1A69C4D247DF7AD00ED829D /* UIView + Extension.swift in Sources */ = {isa = PBXBuildFile; fileRef = A1A69C4C247DF7AD00ED829D /* UIView + Extension.swift */; };
		A1A69C4F247EF8F800ED829D /* ChatRequestViewController.swift in Sources */ = {isa = PBXBuildFile; fileRef = A1A69C4E247EF8F800ED829D /* ChatRequestViewController.swift */; };
		A1A69C51247F236A00ED829D /* GoogleService-Info.plist in Resources */ = {isa = PBXBuildFile; fileRef = A1A69C50247F236900ED829D /* GoogleService-Info.plist */; };
		A1C7D6C5247B009F0021AE7E /* users.json in Resources */ = {isa = PBXBuildFile; fileRef = A1C7D6C4247B009F0021AE7E /* users.json */; };
		A1C7D6C7247B01E90021AE7E /* MChat.swift in Sources */ = {isa = PBXBuildFile; fileRef = A1C7D6C6247B01E90021AE7E /* MChat.swift */; };
		A1C7D6C9247B021A0021AE7E /* MUser.swift in Sources */ = {isa = PBXBuildFile; fileRef = A1C7D6C8247B021A0021AE7E /* MUser.swift */; };
		A1C7D6CC247C9A8B0021AE7E /* UserCell.swift in Sources */ = {isa = PBXBuildFile; fileRef = A1C7D6CB247C9A8B0021AE7E /* UserCell.swift */; };
		A1C7D6CE247C9D0B0021AE7E /* UIViewController + Extension.swift in Sources */ = {isa = PBXBuildFile; fileRef = A1C7D6CD247C9D0B0021AE7E /* UIViewController + Extension.swift */; };
		BCCEC5770D2031E68864F41E /* Pods_talktalk.framework in Frameworks */ = {isa = PBXBuildFile; fileRef = 78FC8EDB6AE2195C3AFD597D /* Pods_talktalk.framework */; };
/* End PBXBuildFile section */

/* Begin PBXFileReference section */
		2AEB47B52AFCD551EC2E7DCF /* Pods-talktalk.release.xcconfig */ = {isa = PBXFileReference; includeInIndex = 1; lastKnownFileType = text.xcconfig; name = "Pods-talktalk.release.xcconfig"; path = "Target Support Files/Pods-talktalk/Pods-talktalk.release.xcconfig"; sourceTree = "<group>"; };
		5E8BD44B30CE57B0E33DF9E8 /* Pods-talktalk.debug.xcconfig */ = {isa = PBXFileReference; includeInIndex = 1; lastKnownFileType = text.xcconfig; name = "Pods-talktalk.debug.xcconfig"; path = "Target Support Files/Pods-talktalk/Pods-talktalk.debug.xcconfig"; sourceTree = "<group>"; };
		78FC8EDB6AE2195C3AFD597D /* Pods_talktalk.framework */ = {isa = PBXFileReference; explicitFileType = wrapper.framework; includeInIndex = 0; path = Pods_talktalk.framework; sourceTree = BUILT_PRODUCTS_DIR; };
		A10C1919247DE15600E776AD /* ProfileViewController.swift */ = {isa = PBXFileReference; lastKnownFileType = sourcecode.swift; path = ProfileViewController.swift; sourceTree = "<group>"; };
		A10C191B247DF0DA00E776AD /* InsertableTextField.swift */ = {isa = PBXFileReference; lastKnownFileType = sourcecode.swift; path = InsertableTextField.swift; sourceTree = "<group>"; };
		A10FEE43247365E9000835C8 /* talktalk.app */ = {isa = PBXFileReference; explicitFileType = wrapper.application; includeInIndex = 0; path = talktalk.app; sourceTree = BUILT_PRODUCTS_DIR; };
		A10FEE46247365E9000835C8 /* AppDelegate.swift */ = {isa = PBXFileReference; lastKnownFileType = sourcecode.swift; path = AppDelegate.swift; sourceTree = "<group>"; };
		A10FEE48247365E9000835C8 /* SceneDelegate.swift */ = {isa = PBXFileReference; lastKnownFileType = sourcecode.swift; path = SceneDelegate.swift; sourceTree = "<group>"; };
		A10FEE4A247365E9000835C8 /* AuthViewController.swift */ = {isa = PBXFileReference; lastKnownFileType = sourcecode.swift; path = AuthViewController.swift; sourceTree = "<group>"; };
		A10FEE4F247365EC000835C8 /* Assets.xcassets */ = {isa = PBXFileReference; lastKnownFileType = folder.assetcatalog; path = Assets.xcassets; sourceTree = "<group>"; };
		A10FEE52247365EC000835C8 /* Base */ = {isa = PBXFileReference; lastKnownFileType = file.storyboard; name = Base; path = Base.lproj/LaunchScreen.storyboard; sourceTree = "<group>"; };
		A10FEE54247365EC000835C8 /* Info.plist */ = {isa = PBXFileReference; lastKnownFileType = text.plist.xml; path = Info.plist; sourceTree = "<group>"; };
		A10FEE5A24737989000835C8 /* UIButton + Extension.swift */ = {isa = PBXFileReference; lastKnownFileType = sourcecode.swift; path = "UIButton + Extension.swift"; sourceTree = "<group>"; };
		A127DC4B2473A10F00A3BDBA /* UIFont + Extension.swift */ = {isa = PBXFileReference; lastKnownFileType = sourcecode.swift; path = "UIFont + Extension.swift"; sourceTree = "<group>"; };
		A127DC4D2473A26E00A3BDBA /* UIColor + Extension.swift */ = {isa = PBXFileReference; lastKnownFileType = sourcecode.swift; path = "UIColor + Extension.swift"; sourceTree = "<group>"; };
		A127DC4F2473A50D00A3BDBA /* Label + Extension.swift */ = {isa = PBXFileReference; lastKnownFileType = sourcecode.swift; path = "Label + Extension.swift"; sourceTree = "<group>"; };
		A127DC512473A61300A3BDBA /* UIImageView + Extension.swift */ = {isa = PBXFileReference; lastKnownFileType = sourcecode.swift; path = "UIImageView + Extension.swift"; sourceTree = "<group>"; };
		A127DC552474AFE200A3BDBA /* ButtonFormView.swift */ = {isa = PBXFileReference; lastKnownFileType = sourcecode.swift; path = ButtonFormView.swift; sourceTree = "<group>"; };
		A127DC592474B91100A3BDBA /* UIStackView + Extension.swift */ = {isa = PBXFileReference; lastKnownFileType = sourcecode.swift; path = "UIStackView + Extension.swift"; sourceTree = "<group>"; };
		A127DC5B2474C88800A3BDBA /* SignUpViewController.swift */ = {isa = PBXFileReference; lastKnownFileType = sourcecode.swift; path = SignUpViewController.swift; sourceTree = "<group>"; };
		A13E64B22474CF4D00060D48 /* OneLineTextField.swift */ = {isa = PBXFileReference; lastKnownFileType = sourcecode.swift; path = OneLineTextField.swift; sourceTree = "<group>"; };
		A1A1FE242475F9C800FDB240 /* LoginViewController.swift */ = {isa = PBXFileReference; lastKnownFileType = sourcecode.swift; path = LoginViewController.swift; sourceTree = "<group>"; };
		A1A1FE2624761A0200FDB240 /* SetupProfileViewController.swift */ = {isa = PBXFileReference; lastKnownFileType = sourcecode.swift; path = SetupProfileViewController.swift; sourceTree = "<group>"; };
		A1A1FE2824761F9F00FDB240 /* AddPhotoView.swift */ = {isa = PBXFileReference; lastKnownFileType = sourcecode.swift; path = AddPhotoView.swift; sourceTree = "<group>"; };
		A1A1FE2A2476F17D00FDB240 /* SegmentedControl + Extension.swift */ = {isa = PBXFileReference; lastKnownFileType = sourcecode.swift; path = "SegmentedControl + Extension.swift"; sourceTree = "<group>"; };
		A1A1FE2D2476FD8300FDB240 /* ListViewController.swift */ = {isa = PBXFileReference; lastKnownFileType = sourcecode.swift; path = ListViewController.swift; sourceTree = "<group>"; };
		A1A1FE302477043200FDB240 /* PeopleViewController.swift */ = {isa = PBXFileReference; lastKnownFileType = sourcecode.swift; path = PeopleViewController.swift; sourceTree = "<group>"; };
		A1A1FE32247704A200FDB240 /* MainTabBarController.swift */ = {isa = PBXFileReference; lastKnownFileType = sourcecode.swift; path = MainTabBarController.swift; sourceTree = "<group>"; };
		A1A1FE342478A75000FDB240 /* Bundle-Decodable.swift */ = {isa = PBXFileReference; lastKnownFileType = sourcecode.swift; path = "Bundle-Decodable.swift"; sourceTree = "<group>"; };
		A1A1FE362478A89400FDB240 /* waitingChats.json */ = {isa = PBXFileReference; fileEncoding = 4; lastKnownFileType = text.json; path = waitingChats.json; sourceTree = "<group>"; };
		A1A1FE372478A89500FDB240 /* activeChats.json */ = {isa = PBXFileReference; fileEncoding = 4; lastKnownFileType = text.json; path = activeChats.json; sourceTree = "<group>"; };
		A1A1FE3B2478B81000FDB240 /* ActiveChatCell.swift */ = {isa = PBXFileReference; lastKnownFileType = sourcecode.swift; path = ActiveChatCell.swift; sourceTree = "<group>"; };
		A1A1FE3D24799C6100FDB240 /* GradientView.swift */ = {isa = PBXFileReference; lastKnownFileType = sourcecode.swift; path = GradientView.swift; sourceTree = "<group>"; };
		A1A1FE3F2479E86400FDB240 /* WaitingChatCell.swift */ = {isa = PBXFileReference; lastKnownFileType = sourcecode.swift; path = WaitingChatCell.swift; sourceTree = "<group>"; };
		A1A1FE412479EFA700FDB240 /* SelfConfiguringCell.swift */ = {isa = PBXFileReference; lastKnownFileType = sourcecode.swift; path = SelfConfiguringCell.swift; sourceTree = "<group>"; };
		A1A1FE44247A073700FDB240 /* SectionHeader.swift */ = {isa = PBXFileReference; lastKnownFileType = sourcecode.swift; path = SectionHeader.swift; sourceTree = "<group>"; };
		A1A69C4C247DF7AD00ED829D /* UIView + Extension.swift */ = {isa = PBXFileReference; lastKnownFileType = sourcecode.swift; path = "UIView + Extension.swift"; sourceTree = "<group>"; };
		A1A69C4E247EF8F800ED829D /* ChatRequestViewController.swift */ = {isa = PBXFileReference; lastKnownFileType = sourcecode.swift; path = ChatRequestViewController.swift; sourceTree = "<group>"; };
		A1A69C50247F236900ED829D /* GoogleService-Info.plist */ = {isa = PBXFileReference; fileEncoding = 4; lastKnownFileType = text.plist.xml; path = "GoogleService-Info.plist"; sourceTree = "<group>"; };
		A1C7D6C4247B009F0021AE7E /* users.json */ = {isa = PBXFileReference; fileEncoding = 4; lastKnownFileType = text.json; path = users.json; sourceTree = "<group>"; };
		A1C7D6C6247B01E90021AE7E /* MChat.swift */ = {isa = PBXFileReference; lastKnownFileType = sourcecode.swift; path = MChat.swift; sourceTree = "<group>"; };
		A1C7D6C8247B021A0021AE7E /* MUser.swift */ = {isa = PBXFileReference; lastKnownFileType = sourcecode.swift; path = MUser.swift; sourceTree = "<group>"; };
		A1C7D6CB247C9A8B0021AE7E /* UserCell.swift */ = {isa = PBXFileReference; lastKnownFileType = sourcecode.swift; path = UserCell.swift; sourceTree = "<group>"; };
		A1C7D6CD247C9D0B0021AE7E /* UIViewController + Extension.swift */ = {isa = PBXFileReference; lastKnownFileType = sourcecode.swift; path = "UIViewController + Extension.swift"; sourceTree = "<group>"; };
/* End PBXFileReference section */

/* Begin PBXFrameworksBuildPhase section */
		A10FEE40247365E9000835C8 /* Frameworks */ = {
			isa = PBXFrameworksBuildPhase;
			buildActionMask = 2147483647;
			files = (
				BCCEC5770D2031E68864F41E /* Pods_talktalk.framework in Frameworks */,
			);
			runOnlyForDeploymentPostprocessing = 0;
		};
/* End PBXFrameworksBuildPhase section */

/* Begin PBXGroup section */
		0574983C72234DB1CE9A9724 /* Pods */ = {
			isa = PBXGroup;
			children = (
				5E8BD44B30CE57B0E33DF9E8 /* Pods-talktalk.debug.xcconfig */,
				2AEB47B52AFCD551EC2E7DCF /* Pods-talktalk.release.xcconfig */,
			);
			name = Pods;
			path = Pods;
			sourceTree = "<group>";
		};
		A10FEE3A247365E9000835C8 = {
			isa = PBXGroup;
			children = (
				A10FEE45247365E9000835C8 /* talktalk */,
				A10FEE44247365E9000835C8 /* Products */,
				0574983C72234DB1CE9A9724 /* Pods */,
				FD1123FB86AAAFEC8443622A /* Frameworks */,
			);
			sourceTree = "<group>";
		};
		A10FEE44247365E9000835C8 /* Products */ = {
			isa = PBXGroup;
			children = (
				A10FEE43247365E9000835C8 /* talktalk.app */,
			);
			name = Products;
			sourceTree = "<group>";
		};
		A10FEE45247365E9000835C8 /* talktalk */ = {
			isa = PBXGroup;
			children = (
				A10FEE46247365E9000835C8 /* AppDelegate.swift */,
				A10FEE48247365E9000835C8 /* SceneDelegate.swift */,
				A1C7D6CA247B025A0021AE7E /* Models */,
				A1A1FE2F2477008900FDB240 /* Controllers */,
				A1A1FE2C2476FC8400FDB240 /* SignIn&Auth */,
				A1A1FE432479EFBA00FDB240 /* Protocols */,
				A127DC542474AA3D00A3BDBA /* Extensions */,
				A10FEE4F247365EC000835C8 /* Assets.xcassets */,
				A10FEE51247365EC000835C8 /* LaunchScreen.storyboard */,
				A10FEE54247365EC000835C8 /* Info.plist */,
				A1A69C50247F236900ED829D /* GoogleService-Info.plist */,
			);
			path = talktalk;
			sourceTree = "<group>";
		};
		A127DC532474AA1D00A3BDBA /* UIKit */ = {
			isa = PBXGroup;
			children = (
				A127DC4F2473A50D00A3BDBA /* Label + Extension.swift */,
				A1A69C4C247DF7AD00ED829D /* UIView + Extension.swift */,
				A10FEE5A24737989000835C8 /* UIButton + Extension.swift */,
				A1C7D6CD247C9D0B0021AE7E /* UIViewController + Extension.swift */,
				A127DC4B2473A10F00A3BDBA /* UIFont + Extension.swift */,
				A127DC4D2473A26E00A3BDBA /* UIColor + Extension.swift */,
				A127DC512473A61300A3BDBA /* UIImageView + Extension.swift */,
				A127DC592474B91100A3BDBA /* UIStackView + Extension.swift */,
				A1A1FE2A2476F17D00FDB240 /* SegmentedControl + Extension.swift */,
			);
			path = UIKit;
			sourceTree = "<group>";
		};
		A127DC542474AA3D00A3BDBA /* Extensions */ = {
			isa = PBXGroup;
			children = (
				A1A1FE2824761F9F00FDB240 /* AddPhotoView.swift */,
				A10C191B247DF0DA00E776AD /* InsertableTextField.swift */,
				A127DC552474AFE200A3BDBA /* ButtonFormView.swift */,
				A13E64B22474CF4D00060D48 /* OneLineTextField.swift */,
				A1A1FE342478A75000FDB240 /* Bundle-Decodable.swift */,
				A1A1FE3D24799C6100FDB240 /* GradientView.swift */,
				A127DC532474AA1D00A3BDBA /* UIKit */,
				A1A1FE372478A89500FDB240 /* activeChats.json */,
				A1A1FE362478A89400FDB240 /* waitingChats.json */,
				A1C7D6C4247B009F0021AE7E /* users.json */,
			);
			path = Extensions;
			sourceTree = "<group>";
		};
		A1A1FE2C2476FC8400FDB240 /* SignIn&Auth */ = {
			isa = PBXGroup;
			children = (
				A10FEE4A247365E9000835C8 /* AuthViewController.swift */,
				A127DC5B2474C88800A3BDBA /* SignUpViewController.swift */,
				A1A1FE242475F9C800FDB240 /* LoginViewController.swift */,
				A1A1FE2624761A0200FDB240 /* SetupProfileViewController.swift */,
			);
			path = "SignIn&Auth";
			sourceTree = "<group>";
		};
		A1A1FE2F2477008900FDB240 /* Controllers */ = {
			isa = PBXGroup;
			children = (
				A1A1FE32247704A200FDB240 /* MainTabBarController.swift */,
				A1A1FE2D2476FD8300FDB240 /* ListViewController.swift */,
				A1A1FE302477043200FDB240 /* PeopleViewController.swift */,
				A10C1919247DE15600E776AD /* ProfileViewController.swift */,
				A1A69C4E247EF8F800ED829D /* ChatRequestViewController.swift */,
				A1A1FE3A2478B7F400FDB240 /* Cell */,
				A1C7D6C3247B00500021AE7E /* Header */,
			);
			path = Controllers;
			sourceTree = "<group>";
		};
		A1A1FE3A2478B7F400FDB240 /* Cell */ = {
			isa = PBXGroup;
			children = (
				A1A1FE3B2478B81000FDB240 /* ActiveChatCell.swift */,
				A1A1FE3F2479E86400FDB240 /* WaitingChatCell.swift */,
				A1C7D6CB247C9A8B0021AE7E /* UserCell.swift */,
			);
			path = Cell;
			sourceTree = "<group>";
		};
		A1A1FE432479EFBA00FDB240 /* Protocols */ = {
			isa = PBXGroup;
			children = (
				A1A1FE412479EFA700FDB240 /* SelfConfiguringCell.swift */,
			);
			path = Protocols;
			sourceTree = "<group>";
		};
		A1C7D6C3247B00500021AE7E /* Header */ = {
			isa = PBXGroup;
			children = (
				A1A1FE44247A073700FDB240 /* SectionHeader.swift */,
			);
			path = Header;
			sourceTree = "<group>";
		};
		A1C7D6CA247B025A0021AE7E /* Models */ = {
			isa = PBXGroup;
			children = (
				A1C7D6C8247B021A0021AE7E /* MUser.swift */,
				A1C7D6C6247B01E90021AE7E /* MChat.swift */,
			);
			path = Models;
			sourceTree = "<group>";
		};
		FD1123FB86AAAFEC8443622A /* Frameworks */ = {
			isa = PBXGroup;
			children = (
				78FC8EDB6AE2195C3AFD597D /* Pods_talktalk.framework */,
			);
			name = Frameworks;
			sourceTree = "<group>";
		};
/* End PBXGroup section */

/* Begin PBXNativeTarget section */
		A10FEE42247365E9000835C8 /* talktalk */ = {
			isa = PBXNativeTarget;
			buildConfigurationList = A10FEE57247365EC000835C8 /* Build configuration list for PBXNativeTarget "talktalk" */;
			buildPhases = (
				5EFEC2D2A9E1C3D8C32ECD33 /* [CP] Check Pods Manifest.lock */,
				A10FEE3F247365E9000835C8 /* Sources */,
				A10FEE40247365E9000835C8 /* Frameworks */,
				A10FEE41247365E9000835C8 /* Resources */,
				CBC553543BB00FACADB6EBAA /* [CP] Embed Pods Frameworks */,
			);
			buildRules = (
			);
			dependencies = (
			);
			name = talktalk;
			productName = talktalk;
			productReference = A10FEE43247365E9000835C8 /* talktalk.app */;
			productType = "com.apple.product-type.application";
		};
/* End PBXNativeTarget section */

/* Begin PBXProject section */
		A10FEE3B247365E9000835C8 /* Project object */ = {
			isa = PBXProject;
			attributes = {
				LastSwiftUpdateCheck = 1130;
				LastUpgradeCheck = 1130;
				ORGANIZATIONNAME = "Boris Goncharov";
				TargetAttributes = {
					A10FEE42247365E9000835C8 = {
						CreatedOnToolsVersion = 11.3.1;
					};
				};
			};
			buildConfigurationList = A10FEE3E247365E9000835C8 /* Build configuration list for PBXProject "talktalk" */;
			compatibilityVersion = "Xcode 9.3";
			developmentRegion = en;
			hasScannedForEncodings = 0;
			knownRegions = (
				en,
				Base,
			);
			mainGroup = A10FEE3A247365E9000835C8;
			productRefGroup = A10FEE44247365E9000835C8 /* Products */;
			projectDirPath = "";
			projectRoot = "";
			targets = (
				A10FEE42247365E9000835C8 /* talktalk */,
			);
		};
/* End PBXProject section */

/* Begin PBXResourcesBuildPhase section */
		A10FEE41247365E9000835C8 /* Resources */ = {
			isa = PBXResourcesBuildPhase;
			buildActionMask = 2147483647;
			files = (
				A1C7D6C5247B009F0021AE7E /* users.json in Resources */,
				A1A1FE382478A89500FDB240 /* waitingChats.json in Resources */,
				A10FEE53247365EC000835C8 /* LaunchScreen.storyboard in Resources */,
				A10FEE50247365EC000835C8 /* Assets.xcassets in Resources */,
				A1A1FE392478A89500FDB240 /* activeChats.json in Resources */,
				A1A69C51247F236A00ED829D /* GoogleService-Info.plist in Resources */,
			);
			runOnlyForDeploymentPostprocessing = 0;
		};
/* End PBXResourcesBuildPhase section */

/* Begin PBXShellScriptBuildPhase section */
		5EFEC2D2A9E1C3D8C32ECD33 /* [CP] Check Pods Manifest.lock */ = {
			isa = PBXShellScriptBuildPhase;
			buildActionMask = 2147483647;
			files = (
			);
			inputFileListPaths = (
			);
			inputPaths = (
				"${PODS_PODFILE_DIR_PATH}/Podfile.lock",
				"${PODS_ROOT}/Manifest.lock",
			);
			name = "[CP] Check Pods Manifest.lock";
			outputFileListPaths = (
			);
			outputPaths = (
				"$(DERIVED_FILE_DIR)/Pods-talktalk-checkManifestLockResult.txt",
			);
			runOnlyForDeploymentPostprocessing = 0;
			shellPath = /bin/sh;
			shellScript = "diff \"${PODS_PODFILE_DIR_PATH}/Podfile.lock\" \"${PODS_ROOT}/Manifest.lock\" > /dev/null\nif [ $? != 0 ] ; then\n    # print error to STDERR\n    echo \"error: The sandbox is not in sync with the Podfile.lock. Run 'pod install' or update your CocoaPods installation.\" >&2\n    exit 1\nfi\n# This output is used by Xcode 'outputs' to avoid re-running this script phase.\necho \"SUCCESS\" > \"${SCRIPT_OUTPUT_FILE_0}\"\n";
			showEnvVarsInLog = 0;
		};
		CBC553543BB00FACADB6EBAA /* [CP] Embed Pods Frameworks */ = {
			isa = PBXShellScriptBuildPhase;
			buildActionMask = 2147483647;
			files = (
			);
			inputFileListPaths = (
				"${PODS_ROOT}/Target Support Files/Pods-talktalk/Pods-talktalk-frameworks-${CONFIGURATION}-input-files.xcfilelist",
			);
			name = "[CP] Embed Pods Frameworks";
			outputFileListPaths = (
				"${PODS_ROOT}/Target Support Files/Pods-talktalk/Pods-talktalk-frameworks-${CONFIGURATION}-output-files.xcfilelist",
			);
			runOnlyForDeploymentPostprocessing = 0;
			shellPath = /bin/sh;
			shellScript = "\"${PODS_ROOT}/Target Support Files/Pods-talktalk/Pods-talktalk-frameworks.sh\"\n";
			showEnvVarsInLog = 0;
		};
/* End PBXShellScriptBuildPhase section */

/* Begin PBXSourcesBuildPhase section */
		A10FEE3F247365E9000835C8 /* Sources */ = {
			isa = PBXSourcesBuildPhase;
			buildActionMask = 2147483647;
			files = (
				A1A1FE2E2476FD8300FDB240 /* ListViewController.swift in Sources */,
				A13E64B32474CF4D00060D48 /* OneLineTextField.swift in Sources */,
				A1A1FE45247A073700FDB240 /* SectionHeader.swift in Sources */,
				A1A1FE3E24799C6100FDB240 /* GradientView.swift in Sources */,
				A127DC5C2474C88800A3BDBA /* SignUpViewController.swift in Sources */,
				A127DC4C2473A10F00A3BDBA /* UIFont + Extension.swift in Sources */,
				A1A1FE3C2478B81000FDB240 /* ActiveChatCell.swift in Sources */,
				A10FEE4B247365E9000835C8 /* AuthViewController.swift in Sources */,
				A1A1FE312477043200FDB240 /* PeopleViewController.swift in Sources */,
				A1A1FE2724761A0200FDB240 /* SetupProfileViewController.swift in Sources */,
				A10C191C247DF0DA00E776AD /* InsertableTextField.swift in Sources */,
				A1A1FE422479EFA700FDB240 /* SelfConfiguringCell.swift in Sources */,
				A1A1FE352478A75000FDB240 /* Bundle-Decodable.swift in Sources */,
				A10C191A247DE15600E776AD /* ProfileViewController.swift in Sources */,
				A127DC502473A50D00A3BDBA /* Label + Extension.swift in Sources */,
				A1A69C4F247EF8F800ED829D /* ChatRequestViewController.swift in Sources */,
				A1C7D6C9247B021A0021AE7E /* MUser.swift in Sources */,
				A127DC5A2474B91100A3BDBA /* UIStackView + Extension.swift in Sources */,
				A1A1FE2924761F9F00FDB240 /* AddPhotoView.swift in Sources */,
				A127DC562474AFE200A3BDBA /* ButtonFormView.swift in Sources */,
				A10FEE47247365E9000835C8 /* AppDelegate.swift in Sources */,
				A1A69C4D247DF7AD00ED829D /* UIView + Extension.swift in Sources */,
				A1A1FE2B2476F17D00FDB240 /* SegmentedControl + Extension.swift in Sources */,
				A1A1FE33247704A200FDB240 /* MainTabBarController.swift in Sources */,
				A1C7D6CC247C9A8B0021AE7E /* UserCell.swift in Sources */,
				A1C7D6CE247C9D0B0021AE7E /* UIViewController + Extension.swift in Sources */,
				A1A1FE402479E86500FDB240 /* WaitingChatCell.swift in Sources */,
				A127DC522473A61300A3BDBA /* UIImageView + Extension.swift in Sources */,
				A127DC4E2473A26E00A3BDBA /* UIColor + Extension.swift in Sources */,
				A10FEE49247365E9000835C8 /* SceneDelegate.swift in Sources */,
				A1C7D6C7247B01E90021AE7E /* MChat.swift in Sources */,
				A1A1FE252475F9C800FDB240 /* LoginViewController.swift in Sources */,
				A10FEE5B2473798A000835C8 /* UIButton + Extension.swift in Sources */,
			);
			runOnlyForDeploymentPostprocessing = 0;
		};
/* End PBXSourcesBuildPhase section */

/* Begin PBXVariantGroup section */
		A10FEE51247365EC000835C8 /* LaunchScreen.storyboard */ = {
			isa = PBXVariantGroup;
			children = (
				A10FEE52247365EC000835C8 /* Base */,
			);
			name = LaunchScreen.storyboard;
			sourceTree = "<group>";
		};
/* End PBXVariantGroup section */

/* Begin XCBuildConfiguration section */
		A10FEE55247365EC000835C8 /* Debug */ = {
			isa = XCBuildConfiguration;
			buildSettings = {
				ALWAYS_SEARCH_USER_PATHS = NO;
				CLANG_ANALYZER_NONNULL = YES;
				CLANG_ANALYZER_NUMBER_OBJECT_CONVERSION = YES_AGGRESSIVE;
				CLANG_CXX_LANGUAGE_STANDARD = "gnu++14";
				CLANG_CXX_LIBRARY = "libc++";
				CLANG_ENABLE_MODULES = YES;
				CLANG_ENABLE_OBJC_ARC = YES;
				CLANG_ENABLE_OBJC_WEAK = YES;
				CLANG_WARN_BLOCK_CAPTURE_AUTORELEASING = YES;
				CLANG_WARN_BOOL_CONVERSION = YES;
				CLANG_WARN_COMMA = YES;
				CLANG_WARN_CONSTANT_CONVERSION = YES;
				CLANG_WARN_DEPRECATED_OBJC_IMPLEMENTATIONS = YES;
				CLANG_WARN_DIRECT_OBJC_ISA_USAGE = YES_ERROR;
				CLANG_WARN_DOCUMENTATION_COMMENTS = YES;
				CLANG_WARN_EMPTY_BODY = YES;
				CLANG_WARN_ENUM_CONVERSION = YES;
				CLANG_WARN_INFINITE_RECURSION = YES;
				CLANG_WARN_INT_CONVERSION = YES;
				CLANG_WARN_NON_LITERAL_NULL_CONVERSION = YES;
				CLANG_WARN_OBJC_IMPLICIT_RETAIN_SELF = YES;
				CLANG_WARN_OBJC_LITERAL_CONVERSION = YES;
				CLANG_WARN_OBJC_ROOT_CLASS = YES_ERROR;
				CLANG_WARN_RANGE_LOOP_ANALYSIS = YES;
				CLANG_WARN_STRICT_PROTOTYPES = YES;
				CLANG_WARN_SUSPICIOUS_MOVE = YES;
				CLANG_WARN_UNGUARDED_AVAILABILITY = YES_AGGRESSIVE;
				CLANG_WARN_UNREACHABLE_CODE = YES;
				CLANG_WARN__DUPLICATE_METHOD_MATCH = YES;
				COPY_PHASE_STRIP = NO;
				DEBUG_INFORMATION_FORMAT = dwarf;
				ENABLE_STRICT_OBJC_MSGSEND = YES;
				ENABLE_TESTABILITY = YES;
				GCC_C_LANGUAGE_STANDARD = gnu11;
				GCC_DYNAMIC_NO_PIC = NO;
				GCC_NO_COMMON_BLOCKS = YES;
				GCC_OPTIMIZATION_LEVEL = 0;
				GCC_PREPROCESSOR_DEFINITIONS = (
					"DEBUG=1",
					"$(inherited)",
				);
				GCC_WARN_64_TO_32_BIT_CONVERSION = YES;
				GCC_WARN_ABOUT_RETURN_TYPE = YES_ERROR;
				GCC_WARN_UNDECLARED_SELECTOR = YES;
				GCC_WARN_UNINITIALIZED_AUTOS = YES_AGGRESSIVE;
				GCC_WARN_UNUSED_FUNCTION = YES;
				GCC_WARN_UNUSED_VARIABLE = YES;
				IPHONEOS_DEPLOYMENT_TARGET = 13.2;
				MTL_ENABLE_DEBUG_INFO = INCLUDE_SOURCE;
				MTL_FAST_MATH = YES;
				ONLY_ACTIVE_ARCH = YES;
				SDKROOT = iphoneos;
				SWIFT_ACTIVE_COMPILATION_CONDITIONS = DEBUG;
				SWIFT_OPTIMIZATION_LEVEL = "-Onone";
			};
			name = Debug;
		};
		A10FEE56247365EC000835C8 /* Release */ = {
			isa = XCBuildConfiguration;
			buildSettings = {
				ALWAYS_SEARCH_USER_PATHS = NO;
				CLANG_ANALYZER_NONNULL = YES;
				CLANG_ANALYZER_NUMBER_OBJECT_CONVERSION = YES_AGGRESSIVE;
				CLANG_CXX_LANGUAGE_STANDARD = "gnu++14";
				CLANG_CXX_LIBRARY = "libc++";
				CLANG_ENABLE_MODULES = YES;
				CLANG_ENABLE_OBJC_ARC = YES;
				CLANG_ENABLE_OBJC_WEAK = YES;
				CLANG_WARN_BLOCK_CAPTURE_AUTORELEASING = YES;
				CLANG_WARN_BOOL_CONVERSION = YES;
				CLANG_WARN_COMMA = YES;
				CLANG_WARN_CONSTANT_CONVERSION = YES;
				CLANG_WARN_DEPRECATED_OBJC_IMPLEMENTATIONS = YES;
				CLANG_WARN_DIRECT_OBJC_ISA_USAGE = YES_ERROR;
				CLANG_WARN_DOCUMENTATION_COMMENTS = YES;
				CLANG_WARN_EMPTY_BODY = YES;
				CLANG_WARN_ENUM_CONVERSION = YES;
				CLANG_WARN_INFINITE_RECURSION = YES;
				CLANG_WARN_INT_CONVERSION = YES;
				CLANG_WARN_NON_LITERAL_NULL_CONVERSION = YES;
				CLANG_WARN_OBJC_IMPLICIT_RETAIN_SELF = YES;
				CLANG_WARN_OBJC_LITERAL_CONVERSION = YES;
				CLANG_WARN_OBJC_ROOT_CLASS = YES_ERROR;
				CLANG_WARN_RANGE_LOOP_ANALYSIS = YES;
				CLANG_WARN_STRICT_PROTOTYPES = YES;
				CLANG_WARN_SUSPICIOUS_MOVE = YES;
				CLANG_WARN_UNGUARDED_AVAILABILITY = YES_AGGRESSIVE;
				CLANG_WARN_UNREACHABLE_CODE = YES;
				CLANG_WARN__DUPLICATE_METHOD_MATCH = YES;
				COPY_PHASE_STRIP = NO;
				DEBUG_INFORMATION_FORMAT = "dwarf-with-dsym";
				ENABLE_NS_ASSERTIONS = NO;
				ENABLE_STRICT_OBJC_MSGSEND = YES;
				GCC_C_LANGUAGE_STANDARD = gnu11;
				GCC_NO_COMMON_BLOCKS = YES;
				GCC_WARN_64_TO_32_BIT_CONVERSION = YES;
				GCC_WARN_ABOUT_RETURN_TYPE = YES_ERROR;
				GCC_WARN_UNDECLARED_SELECTOR = YES;
				GCC_WARN_UNINITIALIZED_AUTOS = YES_AGGRESSIVE;
				GCC_WARN_UNUSED_FUNCTION = YES;
				GCC_WARN_UNUSED_VARIABLE = YES;
				IPHONEOS_DEPLOYMENT_TARGET = 13.2;
				MTL_ENABLE_DEBUG_INFO = NO;
				MTL_FAST_MATH = YES;
				SDKROOT = iphoneos;
				SWIFT_COMPILATION_MODE = wholemodule;
				SWIFT_OPTIMIZATION_LEVEL = "-O";
				VALIDATE_PRODUCT = YES;
			};
			name = Release;
		};
		A10FEE58247365EC000835C8 /* Debug */ = {
			isa = XCBuildConfiguration;
			baseConfigurationReference = 5E8BD44B30CE57B0E33DF9E8 /* Pods-talktalk.debug.xcconfig */;
			buildSettings = {
				ASSETCATALOG_COMPILER_APPICON_NAME = AppIcon;
				CODE_SIGN_STYLE = Automatic;
				DEVELOPMENT_TEAM = CQF3Y28DDQ;
				INFOPLIST_FILE = talktalk/Info.plist;
				LD_RUNPATH_SEARCH_PATHS = (
					"$(inherited)",
					"@executable_path/Frameworks",
				);
				PRODUCT_BUNDLE_IDENTIFIER = com.podlodki.talktalk;
				PRODUCT_NAME = "$(TARGET_NAME)";
				SWIFT_VERSION = 5.0;
				TARGETED_DEVICE_FAMILY = "1,2";
			};
			name = Debug;
		};
		A10FEE59247365EC000835C8 /* Release */ = {
			isa = XCBuildConfiguration;
			baseConfigurationReference = 2AEB47B52AFCD551EC2E7DCF /* Pods-talktalk.release.xcconfig */;
			buildSettings = {
				ASSETCATALOG_COMPILER_APPICON_NAME = AppIcon;
				CODE_SIGN_STYLE = Automatic;
				DEVELOPMENT_TEAM = CQF3Y28DDQ;
				INFOPLIST_FILE = talktalk/Info.plist;
				LD_RUNPATH_SEARCH_PATHS = (
					"$(inherited)",
					"@executable_path/Frameworks",
				);
				PRODUCT_BUNDLE_IDENTIFIER = com.podlodki.talktalk;
				PRODUCT_NAME = "$(TARGET_NAME)";
				SWIFT_VERSION = 5.0;
				TARGETED_DEVICE_FAMILY = "1,2";
			};
			name = Release;
		};
/* End XCBuildConfiguration section */

/* Begin XCConfigurationList section */
		A10FEE3E247365E9000835C8 /* Build configuration list for PBXProject "talktalk" */ = {
			isa = XCConfigurationList;
			buildConfigurations = (
				A10FEE55247365EC000835C8 /* Debug */,
				A10FEE56247365EC000835C8 /* Release */,
			);
			defaultConfigurationIsVisible = 0;
			defaultConfigurationName = Release;
		};
		A10FEE57247365EC000835C8 /* Build configuration list for PBXNativeTarget "talktalk" */ = {
			isa = XCConfigurationList;
			buildConfigurations = (
				A10FEE58247365EC000835C8 /* Debug */,
				A10FEE59247365EC000835C8 /* Release */,
			);
			defaultConfigurationIsVisible = 0;
			defaultConfigurationName = Release;
		};
/* End XCConfigurationList section */
	};
	rootObject = A10FEE3B247365E9000835C8 /* Project object */;
}
